
Microsoft Visual Studio Solution File, Format Version 12.00
# Visual Studio Version 17
VisualStudioVersion = 17.4.33205.214
MinimumVisualStudioVersion = 10.0.40219.1
Project("{FAE04EC0-301F-11D3-BF4B-00C04F79EFBC}") = "ApiPractice", "ApiPractice\ApiPractice.csproj", "{55444ECD-E90E-4246-B807-4E1577931A38}"
EndProject
Global
	GlobalSection(SolutionConfigurationPlatforms) = preSolution
		Debug|Any CPU = Debug|Any CPU
		Release|Any CPU = Release|Any CPU
	EndGlobalSection
	GlobalSection(ProjectConfigurationPlatforms) = postSolution
		{55444ECD-E90E-4246-B807-4E1577931A38}.Debug|Any CPU.ActiveCfg = Debug|Any CPU
		{55444ECD-E90E-4246-B807-4E1577931A38}.Debug|Any CPU.Build.0 = Debug|Any CPU
		{55444ECD-E90E-4246-B807-4E1577931A38}.Release|Any CPU.ActiveCfg = Release|Any CPU
		{55444ECD-E90E-4246-B807-4E1577931A38}.Release|Any CPU.Build.0 = Release|Any CPU
	EndGlobalSection
	GlobalSection(SolutionProperties) = preSolution
		HideSolutionNode = FALSE
	EndGlobalSection
	GlobalSection(ExtensibilityGlobals) = postSolution
		SolutionGuid = {7A05F44C-1137-46BF-AFC0-255A2EA0741F}
	EndGlobalSection
EndGlobal
